PODS:
  - AFNetworking (2.5.4):
    - AFNetworking/NSURLConnection (= 2.5.4)
    - AFNetworking/NSURLSession (= 2.5.4)
    - AFNetworking/Reachability (= 2.5.4)
    - AFNetworking/Security (= 2.5.4)
    - AFNetworking/Serialization (= 2.5.4)
    - AFNetworking/UIKit (= 2.5.4)
  - AFNetworking/NSURLConnection (2.5.4):
    - AFNetworking/Reachability
    - AFNetworking/Security
    - AFNetworking/Serialization
  - AFNetworking/NSURLSession (2.5.4):
    - AFNetworking/Reachability
    - AFNetworking/Security
    - AFNetworking/Serialization
  - AFNetworking/Reachability (2.5.4)
  - AFNetworking/Security (2.5.4)
  - AFNetworking/Serialization (2.5.4)
  - AFNetworking/UIKit (2.5.4):
    - AFNetworking/NSURLConnection
    - AFNetworking/NSURLSession
  - FMDB (2.5):
    - FMDB/standard (= 2.5)
  - FMDB/common (2.5)
  - FMDB/standard (2.5):
    - FMDB/common
  - IQKeyboardManager (3.2.3)
  - MBProgressHUD (0.9.1)
  - MJRefresh (1.4.6)
  - SDWebImage (3.7.2):
    - SDWebImage/Core (= 3.7.2)
  - SDWebImage/Core (3.7.2)
  - UMengAnalytics-NO-IDFA (3.5.9)

DEPENDENCIES:
  - AFNetworking (~> 2.0)
  - FMDB (~> 2.3)
  - IQKeyboardManager
  - MBProgressHUD (~> 0.8)
  - MJRefresh
  - SDWebImage (~> 3.6)
  - UMengAnalytics-NO-IDFA

SPEC CHECKSUMS:
  AFNetworking: 05edc0ac4c4c8cf57bcf4b84be5b0744b6d8e71e
  FMDB: 96e8f1bcc1329e269330f99770ad4285d9003e52
  IQKeyboardManager: 6ca5c54e3776eb54af4c7caf515833f3cd761d59
  MBProgressHUD: c47f2c166c126cf2ce36498d80f33e754d4e93ad
  MJRefresh: 2eaa3fd8f67fbb86497840fb0167446f7eb61dc7
  SDWebImage: 71b7cdc1d1721d6a82ed62889030225f2c249e29
  UMengAnalytics-NO-IDFA: c5302a2246061c356641bb3056e89dfbdeb37424

COCOAPODS: 0.37.1
